
Microsoft Visual Studio Solution File, Format Version 12.00
# Visual Studio Version 17
VisualStudioVersion = 17.3.32804.467
MinimumVisualStudioVersion = 10.0.40219.1
Project("{FAE04EC0-301F-11D3-BF4B-00C04F79EFBC}") = "GestionCompetidores.Web", "GestionCompetidores.Web\GestionCompetidores.Web.csproj", "{AEF69B39-D0B4-4ED8-BD87-E4448087DA01}"
EndProject
Project("{FAE04EC0-301F-11D3-BF4B-00C04F79EFBC}") = "GestionCompetidores.Data", "GestionCompetidores.Data\GestionCompetidores.Data.csproj", "{C8ADF634-B490-467C-A747-21E42E25BE73}"
EndProject
Project("{FAE04EC0-301F-11D3-BF4B-00C04F79EFBC}") = "GestionCompetidores.Servicio", "GestionCompetidores.Servicio\GestionCompetidores.Servicio.csproj", "{9263D689-2834-49F5-A87E-6A3EF3BB31EF}"
EndProject
Global
	GlobalSection(SolutionConfigurationPlatforms) = preSolution
		Debug|Any CPU = Debug|Any CPU
		Release|Any CPU = Release|Any CPU
	EndGlobalSection
	GlobalSection(ProjectConfigurationPlatforms) = postSolution
		{AEF69B39-D0B4-4ED8-BD87-E4448087DA01}.Debug|Any CPU.ActiveCfg = Debug|Any CPU
		{AEF69B39-D0B4-4ED8-BD87-E4448087DA01}.Debug|Any CPU.Build.0 = Debug|Any CPU
		{AEF69B39-D0B4-4ED8-BD87-E4448087DA01}.Release|Any CPU.ActiveCfg = Release|Any CPU
		{AEF69B39-D0B4-4ED8-BD87-E4448087DA01}.Release|Any CPU.Build.0 = Release|Any CPU
		{C8ADF634-B490-467C-A747-21E42E25BE73}.Debug|Any CPU.ActiveCfg = Debug|Any CPU
		{C8ADF634-B490-467C-A747-21E42E25BE73}.Debug|Any CPU.Build.0 = Debug|Any CPU
		{C8ADF634-B490-467C-A747-21E42E25BE73}.Release|Any CPU.ActiveCfg = Release|Any CPU
		{C8ADF634-B490-467C-A747-21E42E25BE73}.Release|Any CPU.Build.0 = Release|Any CPU
		{9263D689-2834-49F5-A87E-6A3EF3BB31EF}.Debug|Any CPU.ActiveCfg = Debug|Any CPU
		{9263D689-2834-49F5-A87E-6A3EF3BB31EF}.Debug|Any CPU.Build.0 = Debug|Any CPU
		{9263D689-2834-49F5-A87E-6A3EF3BB31EF}.Release|Any CPU.ActiveCfg = Release|Any CPU
		{9263D689-2834-49F5-A87E-6A3EF3BB31EF}.Release|Any CPU.Build.0 = Release|Any CPU
	EndGlobalSection
	GlobalSection(SolutionProperties) = preSolution
		HideSolutionNode = FALSE
	EndGlobalSection
	GlobalSection(ExtensibilityGlobals) = postSolution
		SolutionGuid = {5F7032D5-FB17-48D2-91EA-0BFD13AB8053}
	EndGlobalSection
EndGlobal
